{
  "name": "skylark-ui-rteditor",
  "version": "0.9.0",
  "lockfileVersion": 1,
  "requires": true,
  "dependencies": {
    "skylark-langx": {
      "version": "git+https://github.com/skylarklangx/skylark-langx.git#49a5ca4de8d292a0fb902564566af8e149ac4e65",
      "from": "git+https://github.com/skylarklangx/skylark-langx.git#master"
    },
    "skylark-ui-contents": {
      "version": "git+https://github.com/skylarkui/skylark-ui-contents.git#ad23ddee8c3a948b371a375907cf1d941fb31045",
      "from": "git+https://github.com/skylarkui/skylark-ui-contents.git#master"
    },
    "skylark-utils-dom": {
      "version": "git+https://github.com/skylarkutils/skylark-utils-dom.git#33e222d343f6cb5fa16cdfe72f1c66a8f05cd356",
      "from": "git+https://github.com/skylarkutils/skylark-utils-dom.git#master",
      "requires": {
        "skylark-langx": "git+https://github.com/skylarklangx/skylark-langx.git#master"
      }
    }
  }
}
